
Microsoft Visual Studio Solution File, Format Version 12.00
# Visual Studio 14
VisualStudioVersion = 14.0.25420.1
MinimumVisualStudioVersion = 10.0.40219.1
Project("{FAE04EC0-301F-11D3-BF4B-00C04F79EFBC}") = "SqlServerConnections", "SqlServerConnections\SqlServerConnections.csproj", "{8E9F1A97-CA60-4435-8473-DB479089A193}"
EndProject
Project("{2150E333-8FDC-42A3-9474-1A3956D46DE8}") = "Solution Items", "Solution Items", "{AAF44A9F-627F-4873-8811-4D237BADE193}"
	ProjectSection(SolutionItems) = preProject
		README.md = README.md
	EndProjectSection
EndProject
Project("{2150E333-8FDC-42A3-9474-1A3956D46DE8}") = "imgs", "imgs", "{77EFEE31-F02B-4A1A-BFEC-8830BEE92E9B}"
EndProject
Project("{FAE04EC0-301F-11D3-BF4B-00C04F79EFBC}") = "ExelOperations", "ExelOperations\ExelOperations.csproj", "{FE0BD67D-047C-4D8A-9C06-735C3149E479}"
EndProject
Project("{FAE04EC0-301F-11D3-BF4B-00C04F79EFBC}") = "MySqlConnection", "MySqlConnection\MySqlConnection.csproj", "{D4D227EA-4136-4896-8BCF-5A41C07BF38E}"
EndProject
Global
	GlobalSection(SolutionConfigurationPlatforms) = preSolution
		Debug|Any CPU = Debug|Any CPU
		Release|Any CPU = Release|Any CPU
	EndGlobalSection
	GlobalSection(ProjectConfigurationPlatforms) = postSolution
		{8E9F1A97-CA60-4435-8473-DB479089A193}.Debug|Any CPU.ActiveCfg = Debug|Any CPU
		{8E9F1A97-CA60-4435-8473-DB479089A193}.Debug|Any CPU.Build.0 = Debug|Any CPU
		{8E9F1A97-CA60-4435-8473-DB479089A193}.Release|Any CPU.ActiveCfg = Release|Any CPU
		{8E9F1A97-CA60-4435-8473-DB479089A193}.Release|Any CPU.Build.0 = Release|Any CPU
		{FE0BD67D-047C-4D8A-9C06-735C3149E479}.Debug|Any CPU.ActiveCfg = Debug|Any CPU
		{FE0BD67D-047C-4D8A-9C06-735C3149E479}.Debug|Any CPU.Build.0 = Debug|Any CPU
		{FE0BD67D-047C-4D8A-9C06-735C3149E479}.Release|Any CPU.ActiveCfg = Release|Any CPU
		{FE0BD67D-047C-4D8A-9C06-735C3149E479}.Release|Any CPU.Build.0 = Release|Any CPU
		{D4D227EA-4136-4896-8BCF-5A41C07BF38E}.Debug|Any CPU.ActiveCfg = Debug|Any CPU
		{D4D227EA-4136-4896-8BCF-5A41C07BF38E}.Debug|Any CPU.Build.0 = Debug|Any CPU
		{D4D227EA-4136-4896-8BCF-5A41C07BF38E}.Release|Any CPU.ActiveCfg = Release|Any CPU
		{D4D227EA-4136-4896-8BCF-5A41C07BF38E}.Release|Any CPU.Build.0 = Release|Any CPU
	EndGlobalSection
	GlobalSection(SolutionProperties) = preSolution
		HideSolutionNode = FALSE
	EndGlobalSection
EndGlobal
